<?xml version="1.0" encoding="utf-8"?>
<Project ToolsVersion="4.0" xmlns="http://schemas.microsoft.com/developer/msbuild/2003">
  <ItemGroup>
    <Filter Include="소스 파일">
      <UniqueIdentifier>{4FC737F1-C7A5-4376-A066-2A32D752A2FF}</UniqueIdentifier>
      <Extensions>cpp;c;cc;cxx;c++;cppm;ixx;def;odl;idl;hpj;bat;asm;asmx</Extensions>
    </Filter>
    <Filter Include="헤더 파일">
      <UniqueIdentifier>{93995380-89BD-4b04-88EB-625FBE52EBFB}</UniqueIdentifier>
      <Extensions>h;hh;hpp;hxx;h++;hm;inl;inc;ipp;xsd</Extensions>
    </Filter>
    <Filter Include="리소스 파일">
      <UniqueIdentifier>{67DA6AB6-F800-4c08-8B7A-83BB121AAD01}</UniqueIdentifier>
      <Extensions>rc;ico;cur;bmp;dlg;rc2;rct;bin;rgs;gif;jpg;jpeg;jpe;resx;tiff;tif;png;wav;mfcribbon-ms</Extensions>
    </Filter>
  </ItemGroup>
  <ItemGroup>
    <ClCompile Include="Main\ClothCollisionDemo.cpp">
      <Filter>소스 파일</Filter>
    </ClCompile>
    <ClCompile Include="Utils\IndexedFaceMesh.cpp">
      <Filter>소스 파일</Filter>
    </ClCompile>
    <ClCompile Include="Utils\IndexedTetMesh.cpp">
      <Filter>소스 파일</Filter>
    </ClCompile>
    <ClCompile Include="Utils\SceneLoader.cpp">
      <Filter>소스 파일</Filter>
    </ClCompile>
    <ClCompile Include="Utils\TetGenLoader.cpp">
      <Filter>소스 파일</Filter>
    </ClCompile>
    <ClCompile Include="Utils\VolumeIntegration.cpp">
      <Filter>소스 파일</Filter>
    </ClCompile>
    <ClCompile Include="Simulation\BoundingSphereHierarchy.cpp">
      <Filter>소스 파일</Filter>
    </ClCompile>
    <ClCompile Include="Simulation\CollisionDetection.cpp">
      <Filter>소스 파일</Filter>
    </ClCompile>
    <ClCompile Include="Simulation\Constraints.cpp">
      <Filter>소스 파일</Filter>
    </ClCompile>
    <ClCompile Include="Simulation\DistanceFieldCollisionDetection.cpp">
      <Filter>소스 파일</Filter>
    </ClCompile>
    <ClCompile Include="Simulation\IDFactory.cpp">
      <Filter>소스 파일</Filter>
    </ClCompile>
    <ClCompile Include="Simulation\LineModel.cpp">
      <Filter>소스 파일</Filter>
    </ClCompile>
    <ClCompile Include="Simulation\NeighborhoodSearchSpatialHashing.cpp">
      <Filter>소스 파일</Filter>
    </ClCompile>
    <ClCompile Include="Simulation\RigidBodyGeometry.cpp">
      <Filter>소스 파일</Filter>
    </ClCompile>
    <ClCompile Include="Simulation\Simulation.cpp">
      <Filter>소스 파일</Filter>
    </ClCompile>
    <ClCompile Include="Simulation\SimulationModel.cpp">
      <Filter>소스 파일</Filter>
    </ClCompile>
    <ClCompile Include="Simulation\TetModel.cpp">
      <Filter>소스 파일</Filter>
    </ClCompile>
    <ClCompile Include="Simulation\TimeManager.cpp">
      <Filter>소스 파일</Filter>
    </ClCompile>
    <ClCompile Include="Simulation\TimeStep.cpp">
      <Filter>소스 파일</Filter>
    </ClCompile>
    <ClCompile Include="Simulation\TimeStepController.cpp">
      <Filter>소스 파일</Filter>
    </ClCompile>
    <ClCompile Include="Simulation\TriangleModel.cpp">
      <Filter>소스 파일</Filter>
    </ClCompile>
    <ClCompile Include="Visualization\Shader.cpp">
      <Filter>소스 파일</Filter>
    </ClCompile>
    <ClCompile Include="PositionBasedDynamics\MathFunctions.cpp">
      <Filter>소스 파일</Filter>
    </ClCompile>
    <ClCompile Include="PositionBasedDynamics\PositionBasedDynamics.cpp">
      <Filter>소스 파일</Filter>
    </ClCompile>
    <ClCompile Include="PositionBasedDynamics\PositionBasedElasticRods.cpp">
      <Filter>소스 파일</Filter>
    </ClCompile>
    <ClCompile Include="PositionBasedDynamics\PositionBasedFluids.cpp">
      <Filter>소스 파일</Filter>
    </ClCompile>
    <ClCompile Include="PositionBasedDynamics\PositionBasedRigidBodyDynamics.cpp">
      <Filter>소스 파일</Filter>
    </ClCompile>
    <ClCompile Include="PositionBasedDynamics\SPHKernels.cpp">
      <Filter>소스 파일</Filter>
    </ClCompile>
    <ClCompile Include="PositionBasedDynamics\TimeIntegration.cpp">
      <Filter>소스 파일</Filter>
    </ClCompile>
    <ClCompile Include="Common\TweakBarParameters.cpp">
      <Filter>소스 파일</Filter>
    </ClCompile>
    <ClCompile Include="Main\TestManager\imgui_dock.cpp">
      <Filter>소스 파일</Filter>
    </ClCompile>
    <ClCompile Include="Main\TestManager\ImguiManager.cpp">
      <Filter>소스 파일</Filter>
    </ClCompile>
    <ClCompile Include="Main\TestManager\implot.cpp">
      <Filter>소스 파일</Filter>
    </ClCompile>
    <ClCompile Include="Main\TestManager\implot_items.cpp">
      <Filter>소스 파일</Filter>
    </ClCompile>
    <ClCompile Include="extern\glew\src\glew.c">
      <Filter>소스 파일</Filter>
    </ClCompile>
    <ClCompile Include="extern\imgui\libs\usynergy\uSynergy.c">
      <Filter>소스 파일</Filter>
    </ClCompile>
    <ClCompile Include="extern\imgui\imgui.cpp">
      <Filter>소스 파일</Filter>
    </ClCompile>
    <ClCompile Include="extern\imgui\imgui_demo.cpp">
      <Filter>소스 파일</Filter>
    </ClCompile>
    <ClCompile Include="extern\imgui\imgui_draw.cpp">
      <Filter>소스 파일</Filter>
    </ClCompile>
    <ClCompile Include="extern\imgui\imgui_impl_glfw.cpp">
      <Filter>소스 파일</Filter>
    </ClCompile>
    <ClCompile Include="extern\imgui\imgui_impl_opengl3.cpp">
      <Filter>소스 파일</Filter>
    </ClCompile>
    <ClCompile Include="extern\imgui\imgui_widgets.cpp">
      <Filter>소스 파일</Filter>
    </ClCompile>
    <ClCompile Include="Common\DemoBase.cpp">
      <Filter>소스 파일</Filter>
    </ClCompile>
    <ClCompile Include="Visualization\MiniGL.cpp">
      <Filter>소스 파일</Filter>
    </ClCompile>
    <ClCompile Include="extern\md5\md5.cpp">
      <Filter>소스 파일</Filter>
    </ClCompile>
    <ClCompile Include="extern\AntTweakBar\src\LoadOGL.cpp">
      <Filter>소스 파일</Filter>
    </ClCompile>
    <ClCompile Include="extern\AntTweakBar\src\LoadOGLCore.cpp">
      <Filter>소스 파일</Filter>
    </ClCompile>
    <ClCompile Include="extern\AntTweakBar\src\TwBar.cpp">
      <Filter>소스 파일</Filter>
    </ClCompile>
    <ClCompile Include="extern\AntTweakBar\src\TwColors.cpp">
      <Filter>소스 파일</Filter>
    </ClCompile>
    <ClCompile Include="extern\AntTweakBar\src\TwEventGLUT.c">
      <Filter>소스 파일</Filter>
    </ClCompile>
    <ClCompile Include="extern\AntTweakBar\src\TwEventSDL.c">
      <Filter>소스 파일</Filter>
    </ClCompile>
    <ClCompile Include="extern\AntTweakBar\src\TwEventSDL12.c">
      <Filter>소스 파일</Filter>
    </ClCompile>
    <ClCompile Include="extern\AntTweakBar\src\TwEventSDL13.c">
      <Filter>소스 파일</Filter>
    </ClCompile>
    <ClCompile Include="extern\AntTweakBar\src\TwEventSFML.cpp">
      <Filter>소스 파일</Filter>
    </ClCompile>
    <ClCompile Include="extern\AntTweakBar\src\TwEventWin.c">
      <Filter>소스 파일</Filter>
    </ClCompile>
    <ClCompile Include="extern\AntTweakBar\src\TwFonts.cpp">
      <Filter>소스 파일</Filter>
    </ClCompile>
    <ClCompile Include="extern\AntTweakBar\src\TwMgr.cpp">
      <Filter>소스 파일</Filter>
    </ClCompile>
    <ClCompile Include="extern\AntTweakBar\src\TwOpenGL.cpp">
      <Filter>소스 파일</Filter>
    </ClCompile>
    <ClCompile Include="extern\AntTweakBar\src\TwOpenGLCore.cpp">
      <Filter>소스 파일</Filter>
    </ClCompile>
    <ClCompile Include="extern\AntTweakBar\src\TwPrecomp.cpp">
      <Filter>소스 파일</Filter>
    </ClCompile>
  </ItemGroup>
  <ItemGroup>
    <ClInclude Include="Utils\FileSystem.h">
      <Filter>헤더 파일</Filter>
    </ClInclude>
    <ClInclude Include="Utils\Hashmap.h">
      <Filter>헤더 파일</Filter>
    </ClInclude>
    <ClInclude Include="Utils\IndexedFaceMesh.h">
      <Filter>헤더 파일</Filter>
    </ClInclude>
    <ClInclude Include="Utils\IndexedTetMesh.h">
      <Filter>헤더 파일</Filter>
    </ClInclude>
    <ClInclude Include="Utils\Logger.h">
      <Filter>헤더 파일</Filter>
    </ClInclude>
    <ClInclude Include="Utils\ObjectArray.h">
      <Filter>헤더 파일</Filter>
    </ClInclude>
    <ClInclude Include="Utils\OBJLoader.h">
      <Filter>헤더 파일</Filter>
    </ClInclude>
    <ClInclude Include="Utils\SceneLoader.h">
      <Filter>헤더 파일</Filter>
    </ClInclude>
    <ClInclude Include="Utils\StringTools.h">
      <Filter>헤더 파일</Filter>
    </ClInclude>
    <ClInclude Include="Utils\SystemInfo.h">
      <Filter>헤더 파일</Filter>
    </ClInclude>
    <ClInclude Include="Utils\TetGenLoader.h">
      <Filter>헤더 파일</Filter>
    </ClInclude>
    <ClInclude Include="Utils\Timing.h">
      <Filter>헤더 파일</Filter>
    </ClInclude>
    <ClInclude Include="Utils\Version.h">
      <Filter>헤더 파일</Filter>
    </ClInclude>
    <ClInclude Include="Utils\VolumeIntegration.h">
      <Filter>헤더 파일</Filter>
    </ClInclude>
    <ClInclude Include="Simulation\AABB.h">
      <Filter>헤더 파일</Filter>
    </ClInclude>
    <ClInclude Include="Simulation\BoundingSphere.h">
      <Filter>헤더 파일</Filter>
    </ClInclude>
    <ClInclude Include="Simulation\BoundingSphereHierarchy.h">
      <Filter>헤더 파일</Filter>
    </ClInclude>
    <ClInclude Include="Simulation\CollisionDetection.h">
      <Filter>헤더 파일</Filter>
    </ClInclude>
    <ClInclude Include="Simulation\Constraints.h">
      <Filter>헤더 파일</Filter>
    </ClInclude>
    <ClInclude Include="Simulation\DistanceFieldCollisionDetection.h">
      <Filter>헤더 파일</Filter>
    </ClInclude>
    <ClInclude Include="Simulation\IDFactory.h">
      <Filter>헤더 파일</Filter>
    </ClInclude>
    <ClInclude Include="Simulation\kdTree.h">
      <Filter>헤더 파일</Filter>
    </ClInclude>
    <ClInclude Include="Simulation\LineModel.h">
      <Filter>헤더 파일</Filter>
    </ClInclude>
    <ClInclude Include="Simulation\NeighborhoodSearchSpatialHashing.h">
      <Filter>헤더 파일</Filter>
    </ClInclude>
    <ClInclude Include="Simulation\ParticleData.h">
      <Filter>헤더 파일</Filter>
    </ClInclude>
    <ClInclude Include="Simulation\RigidBody.h">
      <Filter>헤더 파일</Filter>
    </ClInclude>
    <ClInclude Include="Simulation\RigidBodyGeometry.h">
      <Filter>헤더 파일</Filter>
    </ClInclude>
    <ClInclude Include="Simulation\Simulation.h">
      <Filter>헤더 파일</Filter>
    </ClInclude>
    <ClInclude Include="Simulation\SimulationModel.h">
      <Filter>헤더 파일</Filter>
    </ClInclude>
    <ClInclude Include="Simulation\TetModel.h">
      <Filter>헤더 파일</Filter>
    </ClInclude>
    <ClInclude Include="Simulation\TimeManager.h">
      <Filter>헤더 파일</Filter>
    </ClInclude>
    <ClInclude Include="Simulation\TimeStep.h">
      <Filter>헤더 파일</Filter>
    </ClInclude>
    <ClInclude Include="Simulation\TimeStepController.h">
      <Filter>헤더 파일</Filter>
    </ClInclude>
    <ClInclude Include="Simulation\TriangleModel.h">
      <Filter>헤더 파일</Filter>
    </ClInclude>
    <ClInclude Include="Visualization\Selection.h">
      <Filter>헤더 파일</Filter>
    </ClInclude>
    <ClInclude Include="Visualization\Shader.h">
      <Filter>헤더 파일</Filter>
    </ClInclude>
    <ClInclude Include="Visualization\Visualization.h">
      <Filter>헤더 파일</Filter>
    </ClInclude>
    <ClInclude Include="PositionBasedDynamics\DirectPositionBasedSolverForStiffRodsInterface.h">
      <Filter>헤더 파일</Filter>
    </ClInclude>
    <ClInclude Include="PositionBasedDynamics\MathFunctions.h">
      <Filter>헤더 파일</Filter>
    </ClInclude>
    <ClInclude Include="PositionBasedDynamics\PositionBasedDynamics.h">
      <Filter>헤더 파일</Filter>
    </ClInclude>
    <ClInclude Include="PositionBasedDynamics\PositionBasedElasticRods.h">
      <Filter>헤더 파일</Filter>
    </ClInclude>
    <ClInclude Include="PositionBasedDynamics\PositionBasedFluids.h">
      <Filter>헤더 파일</Filter>
    </ClInclude>
    <ClInclude Include="PositionBasedDynamics\PositionBasedGenericConstraints.h">
      <Filter>헤더 파일</Filter>
    </ClInclude>
    <ClInclude Include="PositionBasedDynamics\PositionBasedRigidBodyDynamics.h">
      <Filter>헤더 파일</Filter>
    </ClInclude>
    <ClInclude Include="PositionBasedDynamics\SPHKernels.h">
      <Filter>헤더 파일</Filter>
    </ClInclude>
    <ClInclude Include="PositionBasedDynamics\TimeIntegration.h">
      <Filter>헤더 파일</Filter>
    </ClInclude>
    <ClInclude Include="Common\TweakBarParameters.h">
      <Filter>헤더 파일</Filter>
    </ClInclude>
    <ClInclude Include="Common\Common.h">
      <Filter>헤더 파일</Filter>
    </ClInclude>
    <ClInclude Include="Main\TestManager\imfilebrowser.h">
      <Filter>헤더 파일</Filter>
    </ClInclude>
    <ClInclude Include="Main\TestManager\imgui_dock.h">
      <Filter>헤더 파일</Filter>
    </ClInclude>
    <ClInclude Include="Main\TestManager\ImguiManager.h">
      <Filter>헤더 파일</Filter>
    </ClInclude>
    <ClInclude Include="Main\TestManager\implot.h">
      <Filter>헤더 파일</Filter>
    </ClInclude>
    <ClInclude Include="Main\TestManager\implot_demo.h">
      <Filter>헤더 파일</Filter>
    </ClInclude>
    <ClInclude Include="Main\TestManager\implot_internal.h">
      <Filter>헤더 파일</Filter>
    </ClInclude>
    <ClInclude Include="extern\imgui\examples\example_allegro5\imconfig_allegro5.h">
      <Filter>헤더 파일</Filter>
    </ClInclude>
    <ClInclude Include="extern\imgui\examples\example_apple_metal\Shared\AppDelegate.h">
      <Filter>헤더 파일</Filter>
    </ClInclude>
    <ClInclude Include="extern\imgui\examples\example_apple_metal\Shared\Renderer.h">
      <Filter>헤더 파일</Filter>
    </ClInclude>
    <ClInclude Include="extern\imgui\examples\example_apple_metal\Shared\ViewController.h">
      <Filter>헤더 파일</Filter>
    </ClInclude>
    <ClInclude Include="extern\imgui\imgui_impl_allegro5.h">
      <Filter>헤더 파일</Filter>
    </ClInclude>
    <ClInclude Include="extern\imgui\imgui_impl_dx9.h">
      <Filter>헤더 파일</Filter>
    </ClInclude>
    <ClInclude Include="extern\imgui\imgui_impl_dx10.h">
      <Filter>헤더 파일</Filter>
    </ClInclude>
    <ClInclude Include="extern\imgui\imgui_impl_dx11.h">
      <Filter>헤더 파일</Filter>
    </ClInclude>
    <ClInclude Include="extern\imgui\imgui_impl_dx12.h">
      <Filter>헤더 파일</Filter>
    </ClInclude>
    <ClInclude Include="extern\imgui\imgui_impl_glut.h">
      <Filter>헤더 파일</Filter>
    </ClInclude>
    <ClInclude Include="extern\imgui\imgui_impl_marmalade.h">
      <Filter>헤더 파일</Filter>
    </ClInclude>
    <ClInclude Include="extern\imgui\imgui_impl_metal.h">
      <Filter>헤더 파일</Filter>
    </ClInclude>
    <ClInclude Include="extern\imgui\imgui_impl_opengl2.h">
      <Filter>헤더 파일</Filter>
    </ClInclude>
    <ClInclude Include="extern\imgui\imgui_impl_osx.h">
      <Filter>헤더 파일</Filter>
    </ClInclude>
    <ClInclude Include="extern\imgui\imgui_impl_sdl.h">
      <Filter>헤더 파일</Filter>
    </ClInclude>
    <ClInclude Include="extern\imgui\imgui_impl_vulkan.h">
      <Filter>헤더 파일</Filter>
    </ClInclude>
    <ClInclude Include="extern\imgui\imgui_impl_vulkan_with_textures.h">
      <Filter>헤더 파일</Filter>
    </ClInclude>
    <ClInclude Include="extern\imgui\imgui_impl_win32.h">
      <Filter>헤더 파일</Filter>
    </ClInclude>
    <ClInclude Include="extern\AntTweakBar\include\AntTweakBar.h">
      <Filter>헤더 파일</Filter>
    </ClInclude>
    <ClInclude Include="extern\eigen\Eigen\src\Cholesky\LDLT.h">
      <Filter>헤더 파일</Filter>
    </ClInclude>
    <ClInclude Include="extern\eigen\Eigen\src\Cholesky\LLT.h">
      <Filter>헤더 파일</Filter>
    </ClInclude>
    <ClInclude Include="extern\eigen\Eigen\src\Cholesky\LLT_LAPACKE.h">
      <Filter>헤더 파일</Filter>
    </ClInclude>
    <ClInclude Include="extern\eigen\Eigen\src\CholmodSupport\CholmodSupport.h">
      <Filter>헤더 파일</Filter>
    </ClInclude>
    <ClInclude Include="extern\eigen\Eigen\src\Core\arch\AltiVec\Complex.h">
      <Filter>헤더 파일</Filter>
    </ClInclude>
    <ClInclude Include="extern\eigen\Eigen\src\Core\arch\AltiVec\MathFunctions.h">
      <Filter>헤더 파일</Filter>
    </ClInclude>
    <ClInclude Include="extern\eigen\Eigen\src\Core\arch\AltiVec\PacketMath.h">
      <Filter>헤더 파일</Filter>
    </ClInclude>
    <ClInclude Include="extern\eigen\Eigen\src\Core\arch\AVX\Complex.h">
      <Filter>헤더 파일</Filter>
    </ClInclude>
    <ClInclude Include="extern\eigen\Eigen\src\Core\arch\AVX\MathFunctions.h">
      <Filter>헤더 파일</Filter>
    </ClInclude>
    <ClInclude Include="extern\eigen\Eigen\src\Core\arch\AVX\PacketMath.h">
      <Filter>헤더 파일</Filter>
    </ClInclude>
    <ClInclude Include="extern\eigen\Eigen\src\Core\arch\AVX\TypeCasting.h">
      <Filter>헤더 파일</Filter>
    </ClInclude>
    <ClInclude Include="extern\eigen\Eigen\src\Core\arch\AVX512\MathFunctions.h">
      <Filter>헤더 파일</Filter>
    </ClInclude>
    <ClInclude Include="extern\eigen\Eigen\src\Core\arch\AVX512\PacketMath.h">
      <Filter>헤더 파일</Filter>
    </ClInclude>
    <ClInclude Include="extern\eigen\Eigen\src\Core\arch\CUDA\Complex.h">
      <Filter>헤더 파일</Filter>
    </ClInclude>
    <ClInclude Include="extern\eigen\Eigen\src\Core\arch\CUDA\Half.h">
      <Filter>헤더 파일</Filter>
    </ClInclude>
    <ClInclude Include="extern\eigen\Eigen\src\Core\arch\CUDA\MathFunctions.h">
      <Filter>헤더 파일</Filter>
    </ClInclude>
    <ClInclude Include="extern\eigen\Eigen\src\Core\arch\CUDA\PacketMath.h">
      <Filter>헤더 파일</Filter>
    </ClInclude>
    <ClInclude Include="extern\eigen\Eigen\src\Core\arch\CUDA\PacketMathHalf.h">
      <Filter>헤더 파일</Filter>
    </ClInclude>
    <ClInclude Include="extern\eigen\Eigen\src\Core\arch\CUDA\TypeCasting.h">
      <Filter>헤더 파일</Filter>
    </ClInclude>
    <ClInclude Include="extern\eigen\Eigen\src\Core\arch\Default\ConjHelper.h">
      <Filter>헤더 파일</Filter>
    </ClInclude>
    <ClInclude Include="extern\eigen\Eigen\src\Core\arch\Default\Settings.h">
      <Filter>헤더 파일</Filter>
    </ClInclude>
    <ClInclude Include="extern\eigen\Eigen\src\Core\arch\NEON\Complex.h">
      <Filter>헤더 파일</Filter>
    </ClInclude>
    <ClInclude Include="extern\eigen\Eigen\src\Core\arch\NEON\MathFunctions.h">
      <Filter>헤더 파일</Filter>
    </ClInclude>
    <ClInclude Include="extern\eigen\Eigen\src\Core\arch\NEON\PacketMath.h">
      <Filter>헤더 파일</Filter>
    </ClInclude>
    <ClInclude Include="extern\eigen\Eigen\src\Core\arch\SSE\Complex.h">
      <Filter>헤더 파일</Filter>
    </ClInclude>
    <ClInclude Include="extern\eigen\Eigen\src\Core\arch\SSE\MathFunctions.h">
      <Filter>헤더 파일</Filter>
    </ClInclude>
    <ClInclude Include="extern\eigen\Eigen\src\Core\arch\SSE\PacketMath.h">
      <Filter>헤더 파일</Filter>
    </ClInclude>
    <ClInclude Include="extern\eigen\Eigen\src\Core\arch\SSE\TypeCasting.h">
      <Filter>헤더 파일</Filter>
    </ClInclude>
    <ClInclude Include="extern\eigen\Eigen\src\Core\arch\ZVector\Complex.h">
      <Filter>헤더 파일</Filter>
    </ClInclude>
    <ClInclude Include="extern\eigen\Eigen\src\Core\arch\ZVector\MathFunctions.h">
      <Filter>헤더 파일</Filter>
    </ClInclude>
    <ClInclude Include="extern\eigen\Eigen\src\Core\arch\ZVector\PacketMath.h">
      <Filter>헤더 파일</Filter>
    </ClInclude>
    <ClInclude Include="extern\eigen\Eigen\src\Core\functors\AssignmentFunctors.h">
      <Filter>헤더 파일</Filter>
    </ClInclude>
    <ClInclude Include="extern\eigen\Eigen\src\Core\functors\BinaryFunctors.h">
      <Filter>헤더 파일</Filter>
    </ClInclude>
    <ClInclude Include="extern\eigen\Eigen\src\Core\functors\NullaryFunctors.h">
      <Filter>헤더 파일</Filter>
    </ClInclude>
    <ClInclude Include="extern\eigen\Eigen\src\Core\functors\StlFunctors.h">
      <Filter>헤더 파일</Filter>
    </ClInclude>
    <ClInclude Include="extern\eigen\Eigen\src\Core\functors\TernaryFunctors.h">
      <Filter>헤더 파일</Filter>
    </ClInclude>
    <ClInclude Include="extern\eigen\Eigen\src\Core\functors\UnaryFunctors.h">
      <Filter>헤더 파일</Filter>
    </ClInclude>
    <ClInclude Include="extern\eigen\Eigen\src\Core\products\GeneralBlockPanelKernel.h">
      <Filter>헤더 파일</Filter>
    </ClInclude>
    <ClInclude Include="extern\eigen\Eigen\src\Core\products\GeneralMatrixMatrix.h">
      <Filter>헤더 파일</Filter>
    </ClInclude>
    <ClInclude Include="extern\eigen\Eigen\src\Core\products\GeneralMatrixMatrix_BLAS.h">
      <Filter>헤더 파일</Filter>
    </ClInclude>
    <ClInclude Include="extern\eigen\Eigen\src\Core\products\GeneralMatrixMatrixTriangular.h">
      <Filter>헤더 파일</Filter>
    </ClInclude>
    <ClInclude Include="extern\eigen\Eigen\src\Core\products\GeneralMatrixMatrixTriangular_BLAS.h">
      <Filter>헤더 파일</Filter>
    </ClInclude>
    <ClInclude Include="extern\eigen\Eigen\src\Core\products\GeneralMatrixVector.h">
      <Filter>헤더 파일</Filter>
    </ClInclude>
    <ClInclude Include="extern\eigen\Eigen\src\Core\products\GeneralMatrixVector_BLAS.h">
      <Filter>헤더 파일</Filter>
    </ClInclude>
    <ClInclude Include="extern\eigen\Eigen\src\Core\products\Parallelizer.h">
      <Filter>헤더 파일</Filter>
    </ClInclude>
    <ClInclude Include="extern\eigen\Eigen\src\Core\products\SelfadjointMatrixMatrix.h">
      <Filter>헤더 파일</Filter>
    </ClInclude>
    <ClInclude Include="extern\eigen\Eigen\src\Core\products\SelfadjointMatrixMatrix_BLAS.h">
      <Filter>헤더 파일</Filter>
    </ClInclude>
    <ClInclude Include="extern\eigen\Eigen\src\Core\products\SelfadjointMatrixVector.h">
      <Filter>헤더 파일</Filter>
    </ClInclude>
    <ClInclude Include="extern\eigen\Eigen\src\Core\products\SelfadjointMatrixVector_BLAS.h">
      <Filter>헤더 파일</Filter>
    </ClInclude>
    <ClInclude Include="extern\eigen\Eigen\src\Core\products\SelfadjointProduct.h">
      <Filter>헤더 파일</Filter>
    </ClInclude>
    <ClInclude Include="extern\eigen\Eigen\src\Core\products\SelfadjointRank2Update.h">
      <Filter>헤더 파일</Filter>
    </ClInclude>
    <ClInclude Include="extern\eigen\Eigen\src\Core\products\TriangularMatrixMatrix.h">
      <Filter>헤더 파일</Filter>
    </ClInclude>
    <ClInclude Include="extern\eigen\Eigen\src\Core\products\TriangularMatrixMatrix_BLAS.h">
      <Filter>헤더 파일</Filter>
    </ClInclude>
    <ClInclude Include="extern\eigen\Eigen\src\Core\products\TriangularMatrixVector.h">
      <Filter>헤더 파일</Filter>
    </ClInclude>
    <ClInclude Include="extern\eigen\Eigen\src\Core\products\TriangularMatrixVector_BLAS.h">
      <Filter>헤더 파일</Filter>
    </ClInclude>
    <ClInclude Include="extern\eigen\Eigen\src\Core\products\TriangularSolverMatrix.h">
      <Filter>헤더 파일</Filter>
    </ClInclude>
    <ClInclude Include="extern\eigen\Eigen\src\Core\products\TriangularSolverMatrix_BLAS.h">
      <Filter>헤더 파일</Filter>
    </ClInclude>
    <ClInclude Include="extern\eigen\Eigen\src\Core\products\TriangularSolverVector.h">
      <Filter>헤더 파일</Filter>
    </ClInclude>
    <ClInclude Include="extern\eigen\Eigen\src\Core\util\BlasUtil.h">
      <Filter>헤더 파일</Filter>
    </ClInclude>
    <ClInclude Include="extern\eigen\Eigen\src\Core\util\Constants.h">
      <Filter>헤더 파일</Filter>
    </ClInclude>
    <ClInclude Include="extern\eigen\Eigen\src\Core\util\DisableStupidWarnings.h">
      <Filter>헤더 파일</Filter>
    </ClInclude>
    <ClInclude Include="extern\eigen\Eigen\src\Core\util\ForwardDeclarations.h">
      <Filter>헤더 파일</Filter>
    </ClInclude>
    <ClInclude Include="extern\eigen\Eigen\src\Core\util\Macros.h">
      <Filter>헤더 파일</Filter>
    </ClInclude>
    <ClInclude Include="extern\eigen\Eigen\src\Core\util\Memory.h">
      <Filter>헤더 파일</Filter>
    </ClInclude>
    <ClInclude Include="extern\eigen\Eigen\src\Core\util\Meta.h">
      <Filter>헤더 파일</Filter>
    </ClInclude>
    <ClInclude Include="extern\eigen\Eigen\src\Core\util\MKL_support.h">
      <Filter>헤더 파일</Filter>
    </ClInclude>
    <ClInclude Include="extern\eigen\Eigen\src\Core\util\NonMPL2.h">
      <Filter>헤더 파일</Filter>
    </ClInclude>
    <ClInclude Include="extern\eigen\Eigen\src\Core\util\ReenableStupidWarnings.h">
      <Filter>헤더 파일</Filter>
    </ClInclude>
    <ClInclude Include="extern\eigen\Eigen\src\Core\util\StaticAssert.h">
      <Filter>헤더 파일</Filter>
    </ClInclude>
    <ClInclude Include="extern\eigen\Eigen\src\Core\util\XprHelper.h">
      <Filter>헤더 파일</Filter>
    </ClInclude>
    <ClInclude Include="extern\eigen\Eigen\src\Core\Array.h">
      <Filter>헤더 파일</Filter>
    </ClInclude>
    <ClInclude Include="extern\eigen\Eigen\src\Core\ArrayBase.h">
      <Filter>헤더 파일</Filter>
    </ClInclude>
    <ClInclude Include="extern\eigen\Eigen\src\Core\ArrayWrapper.h">
      <Filter>헤더 파일</Filter>
    </ClInclude>
    <ClInclude Include="extern\eigen\Eigen\src\Core\Assign.h">
      <Filter>헤더 파일</Filter>
    </ClInclude>
    <ClInclude Include="extern\eigen\Eigen\src\Core\Assign_MKL.h">
      <Filter>헤더 파일</Filter>
    </ClInclude>
    <ClInclude Include="extern\eigen\Eigen\src\Core\AssignEvaluator.h">
      <Filter>헤더 파일</Filter>
    </ClInclude>
    <ClInclude Include="extern\eigen\Eigen\src\Core\BandMatrix.h">
      <Filter>헤더 파일</Filter>
    </ClInclude>
    <ClInclude Include="extern\eigen\Eigen\src\Core\Block.h">
      <Filter>헤더 파일</Filter>
    </ClInclude>
    <ClInclude Include="extern\eigen\Eigen\src\Core\BooleanRedux.h">
      <Filter>헤더 파일</Filter>
    </ClInclude>
    <ClInclude Include="extern\eigen\Eigen\src\Core\CommaInitializer.h">
      <Filter>헤더 파일</Filter>
    </ClInclude>
    <ClInclude Include="extern\eigen\Eigen\src\Core\ConditionEstimator.h">
      <Filter>헤더 파일</Filter>
    </ClInclude>
    <ClInclude Include="extern\eigen\Eigen\src\Core\CoreEvaluators.h">
      <Filter>헤더 파일</Filter>
    </ClInclude>
    <ClInclude Include="extern\eigen\Eigen\src\Core\CoreIterators.h">
      <Filter>헤더 파일</Filter>
    </ClInclude>
    <ClInclude Include="extern\eigen\Eigen\src\Core\CwiseBinaryOp.h">
      <Filter>헤더 파일</Filter>
    </ClInclude>
    <ClInclude Include="extern\eigen\Eigen\src\Core\CwiseNullaryOp.h">
      <Filter>헤더 파일</Filter>
    </ClInclude>
    <ClInclude Include="extern\eigen\Eigen\src\Core\CwiseTernaryOp.h">
      <Filter>헤더 파일</Filter>
    </ClInclude>
    <ClInclude Include="extern\eigen\Eigen\src\Core\CwiseUnaryOp.h">
      <Filter>헤더 파일</Filter>
    </ClInclude>
    <ClInclude Include="extern\eigen\Eigen\src\Core\CwiseUnaryView.h">
      <Filter>헤더 파일</Filter>
    </ClInclude>
    <ClInclude Include="extern\eigen\Eigen\src\Core\DenseBase.h">
      <Filter>헤더 파일</Filter>
    </ClInclude>
    <ClInclude Include="extern\eigen\Eigen\src\Core\DenseCoeffsBase.h">
      <Filter>헤더 파일</Filter>
    </ClInclude>
    <ClInclude Include="extern\eigen\Eigen\src\Core\DenseStorage.h">
      <Filter>헤더 파일</Filter>
    </ClInclude>
    <ClInclude Include="extern\eigen\Eigen\src\Core\Diagonal.h">
      <Filter>헤더 파일</Filter>
    </ClInclude>
    <ClInclude Include="extern\eigen\Eigen\src\Core\DiagonalMatrix.h">
      <Filter>헤더 파일</Filter>
    </ClInclude>
    <ClInclude Include="extern\eigen\Eigen\src\Core\DiagonalProduct.h">
      <Filter>헤더 파일</Filter>
    </ClInclude>
    <ClInclude Include="extern\eigen\Eigen\src\Core\Dot.h">
      <Filter>헤더 파일</Filter>
    </ClInclude>
    <ClInclude Include="extern\eigen\Eigen\src\Core\EigenBase.h">
      <Filter>헤더 파일</Filter>
    </ClInclude>
    <ClInclude Include="extern\eigen\Eigen\src\Core\ForceAlignedAccess.h">
      <Filter>헤더 파일</Filter>
    </ClInclude>
    <ClInclude Include="extern\eigen\Eigen\src\Core\Fuzzy.h">
      <Filter>헤더 파일</Filter>
    </ClInclude>
    <ClInclude Include="extern\eigen\Eigen\src\Core\GeneralProduct.h">
      <Filter>헤더 파일</Filter>
    </ClInclude>
    <ClInclude Include="extern\eigen\Eigen\src\Core\GenericPacketMath.h">
      <Filter>헤더 파일</Filter>
    </ClInclude>
    <ClInclude Include="extern\eigen\Eigen\src\Core\GlobalFunctions.h">
      <Filter>헤더 파일</Filter>
    </ClInclude>
    <ClInclude Include="extern\eigen\Eigen\src\Core\Inverse.h">
      <Filter>헤더 파일</Filter>
    </ClInclude>
    <ClInclude Include="extern\eigen\Eigen\src\Core\IO.h">
      <Filter>헤더 파일</Filter>
    </ClInclude>
    <ClInclude Include="extern\eigen\Eigen\src\Core\Map.h">
      <Filter>헤더 파일</Filter>
    </ClInclude>
    <ClInclude Include="extern\eigen\Eigen\src\Core\MapBase.h">
      <Filter>헤더 파일</Filter>
    </ClInclude>
    <ClInclude Include="extern\eigen\Eigen\src\Core\MathFunctions.h">
      <Filter>헤더 파일</Filter>
    </ClInclude>
    <ClInclude Include="extern\eigen\Eigen\src\Core\MathFunctionsImpl.h">
      <Filter>헤더 파일</Filter>
    </ClInclude>
    <ClInclude Include="extern\eigen\Eigen\src\Core\Matrix.h">
      <Filter>헤더 파일</Filter>
    </ClInclude>
    <ClInclude Include="extern\eigen\Eigen\src\Core\MatrixBase.h">
      <Filter>헤더 파일</Filter>
    </ClInclude>
    <ClInclude Include="extern\eigen\Eigen\src\Core\NestByValue.h">
      <Filter>헤더 파일</Filter>
    </ClInclude>
    <ClInclude Include="extern\eigen\Eigen\src\Core\NoAlias.h">
      <Filter>헤더 파일</Filter>
    </ClInclude>
    <ClInclude Include="extern\eigen\Eigen\src\Core\NumTraits.h">
      <Filter>헤더 파일</Filter>
    </ClInclude>
    <ClInclude Include="extern\eigen\Eigen\src\Core\PermutationMatrix.h">
      <Filter>헤더 파일</Filter>
    </ClInclude>
    <ClInclude Include="extern\eigen\Eigen\src\Core\PlainObjectBase.h">
      <Filter>헤더 파일</Filter>
    </ClInclude>
    <ClInclude Include="extern\eigen\Eigen\src\Core\Product.h">
      <Filter>헤더 파일</Filter>
    </ClInclude>
    <ClInclude Include="extern\eigen\Eigen\src\Core\ProductEvaluators.h">
      <Filter>헤더 파일</Filter>
    </ClInclude>
    <ClInclude Include="extern\eigen\Eigen\src\Core\Random.h">
      <Filter>헤더 파일</Filter>
    </ClInclude>
    <ClInclude Include="extern\eigen\Eigen\src\Core\Redux.h">
      <Filter>헤더 파일</Filter>
    </ClInclude>
    <ClInclude Include="extern\eigen\Eigen\src\Core\Ref.h">
      <Filter>헤더 파일</Filter>
    </ClInclude>
    <ClInclude Include="extern\eigen\Eigen\src\Core\Replicate.h">
      <Filter>헤더 파일</Filter>
    </ClInclude>
    <ClInclude Include="extern\eigen\Eigen\src\Core\ReturnByValue.h">
      <Filter>헤더 파일</Filter>
    </ClInclude>
    <ClInclude Include="extern\eigen\Eigen\src\Core\Reverse.h">
      <Filter>헤더 파일</Filter>
    </ClInclude>
    <ClInclude Include="extern\eigen\Eigen\src\Core\Select.h">
      <Filter>헤더 파일</Filter>
    </ClInclude>
    <ClInclude Include="extern\eigen\Eigen\src\Core\SelfAdjointView.h">
      <Filter>헤더 파일</Filter>
    </ClInclude>
    <ClInclude Include="extern\eigen\Eigen\src\Core\SelfCwiseBinaryOp.h">
      <Filter>헤더 파일</Filter>
    </ClInclude>
    <ClInclude Include="extern\eigen\Eigen\src\Core\Solve.h">
      <Filter>헤더 파일</Filter>
    </ClInclude>
    <ClInclude Include="extern\eigen\Eigen\src\Core\SolverBase.h">
      <Filter>헤더 파일</Filter>
    </ClInclude>
    <ClInclude Include="extern\eigen\Eigen\src\Core\SolveTriangular.h">
      <Filter>헤더 파일</Filter>
    </ClInclude>
    <ClInclude Include="extern\eigen\Eigen\src\Core\StableNorm.h">
      <Filter>헤더 파일</Filter>
    </ClInclude>
    <ClInclude Include="extern\eigen\Eigen\src\Core\Stride.h">
      <Filter>헤더 파일</Filter>
    </ClInclude>
    <ClInclude Include="extern\eigen\Eigen\src\Core\Swap.h">
      <Filter>헤더 파일</Filter>
    </ClInclude>
    <ClInclude Include="extern\eigen\Eigen\src\Core\Transpose.h">
      <Filter>헤더 파일</Filter>
    </ClInclude>
    <ClInclude Include="extern\eigen\Eigen\src\Core\Transpositions.h">
      <Filter>헤더 파일</Filter>
    </ClInclude>
    <ClInclude Include="extern\eigen\Eigen\src\Core\TriangularMatrix.h">
      <Filter>헤더 파일</Filter>
    </ClInclude>
    <ClInclude Include="extern\eigen\Eigen\src\Core\VectorBlock.h">
      <Filter>헤더 파일</Filter>
    </ClInclude>
    <ClInclude Include="extern\eigen\Eigen\src\Core\VectorwiseOp.h">
      <Filter>헤더 파일</Filter>
    </ClInclude>
    <ClInclude Include="extern\eigen\Eigen\src\Core\Visitor.h">
      <Filter>헤더 파일</Filter>
    </ClInclude>
    <ClInclude Include="extern\eigen\Eigen\src\Eigenvalues\ComplexEigenSolver.h">
      <Filter>헤더 파일</Filter>
    </ClInclude>
    <ClInclude Include="extern\eigen\Eigen\src\Eigenvalues\ComplexSchur.h">
      <Filter>헤더 파일</Filter>
    </ClInclude>
    <ClInclude Include="extern\eigen\Eigen\src\Eigenvalues\ComplexSchur_LAPACKE.h">
      <Filter>헤더 파일</Filter>
    </ClInclude>
    <ClInclude Include="extern\eigen\Eigen\src\Eigenvalues\EigenSolver.h">
      <Filter>헤더 파일</Filter>
    </ClInclude>
    <ClInclude Include="extern\eigen\Eigen\src\Eigenvalues\GeneralizedEigenSolver.h">
      <Filter>헤더 파일</Filter>
    </ClInclude>
    <ClInclude Include="extern\eigen\Eigen\src\Eigenvalues\GeneralizedSelfAdjointEigenSolver.h">
      <Filter>헤더 파일</Filter>
    </ClInclude>
    <ClInclude Include="extern\eigen\Eigen\src\Eigenvalues\HessenbergDecomposition.h">
      <Filter>헤더 파일</Filter>
    </ClInclude>
    <ClInclude Include="extern\eigen\Eigen\src\Eigenvalues\MatrixBaseEigenvalues.h">
      <Filter>헤더 파일</Filter>
    </ClInclude>
    <ClInclude Include="extern\eigen\Eigen\src\Eigenvalues\RealQZ.h">
      <Filter>헤더 파일</Filter>
    </ClInclude>
    <ClInclude Include="extern\eigen\Eigen\src\Eigenvalues\RealSchur.h">
      <Filter>헤더 파일</Filter>
    </ClInclude>
    <ClInclude Include="extern\eigen\Eigen\src\Eigenvalues\RealSchur_LAPACKE.h">
      <Filter>헤더 파일</Filter>
    </ClInclude>
    <ClInclude Include="extern\eigen\Eigen\src\Eigenvalues\SelfAdjointEigenSolver.h">
      <Filter>헤더 파일</Filter>
    </ClInclude>
    <ClInclude Include="extern\eigen\Eigen\src\Eigenvalues\SelfAdjointEigenSolver_LAPACKE.h">
      <Filter>헤더 파일</Filter>
    </ClInclude>
    <ClInclude Include="extern\eigen\Eigen\src\Eigenvalues\Tridiagonalization.h">
      <Filter>헤더 파일</Filter>
    </ClInclude>
    <ClInclude Include="extern\eigen\Eigen\src\Geometry\arch\Geometry_SSE.h">
      <Filter>헤더 파일</Filter>
    </ClInclude>
    <ClInclude Include="extern\eigen\Eigen\src\Geometry\AlignedBox.h">
      <Filter>헤더 파일</Filter>
    </ClInclude>
    <ClInclude Include="extern\eigen\Eigen\src\Geometry\AngleAxis.h">
      <Filter>헤더 파일</Filter>
    </ClInclude>
    <ClInclude Include="extern\eigen\Eigen\src\Geometry\EulerAngles.h">
      <Filter>헤더 파일</Filter>
    </ClInclude>
    <ClInclude Include="extern\eigen\Eigen\src\Geometry\Homogeneous.h">
      <Filter>헤더 파일</Filter>
    </ClInclude>
    <ClInclude Include="extern\eigen\Eigen\src\Geometry\Hyperplane.h">
      <Filter>헤더 파일</Filter>
    </ClInclude>
    <ClInclude Include="extern\eigen\Eigen\src\Geometry\OrthoMethods.h">
      <Filter>헤더 파일</Filter>
    </ClInclude>
    <ClInclude Include="extern\eigen\Eigen\src\Geometry\ParametrizedLine.h">
      <Filter>헤더 파일</Filter>
    </ClInclude>
    <ClInclude Include="extern\eigen\Eigen\src\Geometry\Quaternion.h">
      <Filter>헤더 파일</Filter>
    </ClInclude>
    <ClInclude Include="extern\eigen\Eigen\src\Geometry\Rotation2D.h">
      <Filter>헤더 파일</Filter>
    </ClInclude>
    <ClInclude Include="extern\eigen\Eigen\src\Geometry\RotationBase.h">
      <Filter>헤더 파일</Filter>
    </ClInclude>
    <ClInclude Include="extern\eigen\Eigen\src\Geometry\Scaling.h">
      <Filter>헤더 파일</Filter>
    </ClInclude>
    <ClInclude Include="extern\eigen\Eigen\src\Geometry\Transform.h">
      <Filter>헤더 파일</Filter>
    </ClInclude>
    <ClInclude Include="extern\eigen\Eigen\src\Geometry\Translation.h">
      <Filter>헤더 파일</Filter>
    </ClInclude>
    <ClInclude Include="extern\eigen\Eigen\src\Geometry\Umeyama.h">
      <Filter>헤더 파일</Filter>
    </ClInclude>
    <ClInclude Include="extern\eigen\Eigen\src\Householder\BlockHouseholder.h">
      <Filter>헤더 파일</Filter>
    </ClInclude>
    <ClInclude Include="extern\eigen\Eigen\src\Householder\Householder.h">
      <Filter>헤더 파일</Filter>
    </ClInclude>
    <ClInclude Include="extern\eigen\Eigen\src\Householder\HouseholderSequence.h">
      <Filter>헤더 파일</Filter>
    </ClInclude>
    <ClInclude Include="extern\eigen\Eigen\src\IterativeLinearSolvers\BasicPreconditioners.h">
      <Filter>헤더 파일</Filter>
    </ClInclude>
    <ClInclude Include="extern\eigen\Eigen\src\IterativeLinearSolvers\BiCGSTAB.h">
      <Filter>헤더 파일</Filter>
    </ClInclude>
    <ClInclude Include="extern\eigen\Eigen\src\IterativeLinearSolvers\ConjugateGradient.h">
      <Filter>헤더 파일</Filter>
    </ClInclude>
    <ClInclude Include="extern\eigen\Eigen\src\IterativeLinearSolvers\IncompleteCholesky.h">
      <Filter>헤더 파일</Filter>
    </ClInclude>
    <ClInclude Include="extern\eigen\Eigen\src\IterativeLinearSolvers\IncompleteLUT.h">
      <Filter>헤더 파일</Filter>
    </ClInclude>
    <ClInclude Include="extern\eigen\Eigen\src\IterativeLinearSolvers\IterativeSolverBase.h">
      <Filter>헤더 파일</Filter>
    </ClInclude>
    <ClInclude Include="extern\eigen\Eigen\src\IterativeLinearSolvers\LeastSquareConjugateGradient.h">
      <Filter>헤더 파일</Filter>
    </ClInclude>
    <ClInclude Include="extern\eigen\Eigen\src\IterativeLinearSolvers\SolveWithGuess.h">
      <Filter>헤더 파일</Filter>
    </ClInclude>
    <ClInclude Include="extern\eigen\Eigen\src\Jacobi\Jacobi.h">
      <Filter>헤더 파일</Filter>
    </ClInclude>
    <ClInclude Include="extern\eigen\Eigen\src\LU\arch\Inverse_SSE.h">
      <Filter>헤더 파일</Filter>
    </ClInclude>
    <ClInclude Include="extern\eigen\Eigen\src\LU\Determinant.h">
      <Filter>헤더 파일</Filter>
    </ClInclude>
    <ClInclude Include="extern\eigen\Eigen\src\LU\FullPivLU.h">
      <Filter>헤더 파일</Filter>
    </ClInclude>
    <ClInclude Include="extern\eigen\Eigen\src\LU\InverseImpl.h">
      <Filter>헤더 파일</Filter>
    </ClInclude>
    <ClInclude Include="extern\eigen\Eigen\src\LU\PartialPivLU.h">
      <Filter>헤더 파일</Filter>
    </ClInclude>
    <ClInclude Include="extern\eigen\Eigen\src\LU\PartialPivLU_LAPACKE.h">
      <Filter>헤더 파일</Filter>
    </ClInclude>
    <ClInclude Include="extern\eigen\Eigen\src\MetisSupport\MetisSupport.h">
      <Filter>헤더 파일</Filter>
    </ClInclude>
    <ClInclude Include="extern\eigen\Eigen\src\misc\blas.h">
      <Filter>헤더 파일</Filter>
    </ClInclude>
    <ClInclude Include="extern\eigen\Eigen\src\misc\Image.h">
      <Filter>헤더 파일</Filter>
    </ClInclude>
    <ClInclude Include="extern\eigen\Eigen\src\misc\Kernel.h">
      <Filter>헤더 파일</Filter>
    </ClInclude>
    <ClInclude Include="extern\eigen\Eigen\src\misc\lapack.h">
      <Filter>헤더 파일</Filter>
    </ClInclude>
    <ClInclude Include="extern\eigen\Eigen\src\misc\lapacke.h">
      <Filter>헤더 파일</Filter>
    </ClInclude>
    <ClInclude Include="extern\eigen\Eigen\src\misc\lapacke_mangling.h">
      <Filter>헤더 파일</Filter>
    </ClInclude>
    <ClInclude Include="extern\eigen\Eigen\src\misc\RealSvd2x2.h">
      <Filter>헤더 파일</Filter>
    </ClInclude>
    <ClInclude Include="extern\eigen\Eigen\src\OrderingMethods\Amd.h">
      <Filter>헤더 파일</Filter>
    </ClInclude>
    <ClInclude Include="extern\eigen\Eigen\src\OrderingMethods\Eigen_Colamd.h">
      <Filter>헤더 파일</Filter>
    </ClInclude>
    <ClInclude Include="extern\eigen\Eigen\src\OrderingMethods\Ordering.h">
      <Filter>헤더 파일</Filter>
    </ClInclude>
    <ClInclude Include="extern\eigen\Eigen\src\PardisoSupport\PardisoSupport.h">
      <Filter>헤더 파일</Filter>
    </ClInclude>
    <ClInclude Include="extern\eigen\Eigen\src\PaStiXSupport\PaStiXSupport.h">
      <Filter>헤더 파일</Filter>
    </ClInclude>
    <ClInclude Include="extern\eigen\Eigen\src\plugins\ArrayCwiseBinaryOps.h">
      <Filter>헤더 파일</Filter>
    </ClInclude>
    <ClInclude Include="extern\eigen\Eigen\src\plugins\ArrayCwiseUnaryOps.h">
      <Filter>헤더 파일</Filter>
    </ClInclude>
    <ClInclude Include="extern\eigen\Eigen\src\plugins\BlockMethods.h">
      <Filter>헤더 파일</Filter>
    </ClInclude>
    <ClInclude Include="extern\eigen\Eigen\src\plugins\CommonCwiseBinaryOps.h">
      <Filter>헤더 파일</Filter>
    </ClInclude>
    <ClInclude Include="extern\eigen\Eigen\src\plugins\CommonCwiseUnaryOps.h">
      <Filter>헤더 파일</Filter>
    </ClInclude>
    <ClInclude Include="extern\eigen\Eigen\src\plugins\MatrixCwiseBinaryOps.h">
      <Filter>헤더 파일</Filter>
    </ClInclude>
    <ClInclude Include="extern\eigen\Eigen\src\plugins\MatrixCwiseUnaryOps.h">
      <Filter>헤더 파일</Filter>
    </ClInclude>
    <ClInclude Include="extern\eigen\Eigen\src\QR\ColPivHouseholderQR.h">
      <Filter>헤더 파일</Filter>
    </ClInclude>
    <ClInclude Include="extern\eigen\Eigen\src\QR\ColPivHouseholderQR_LAPACKE.h">
      <Filter>헤더 파일</Filter>
    </ClInclude>
    <ClInclude Include="extern\eigen\Eigen\src\QR\CompleteOrthogonalDecomposition.h">
      <Filter>헤더 파일</Filter>
    </ClInclude>
    <ClInclude Include="extern\eigen\Eigen\src\QR\FullPivHouseholderQR.h">
      <Filter>헤더 파일</Filter>
    </ClInclude>
    <ClInclude Include="extern\eigen\Eigen\src\QR\HouseholderQR.h">
      <Filter>헤더 파일</Filter>
    </ClInclude>
    <ClInclude Include="extern\eigen\Eigen\src\QR\HouseholderQR_LAPACKE.h">
      <Filter>헤더 파일</Filter>
    </ClInclude>
    <ClInclude Include="extern\eigen\Eigen\src\SparseCholesky\SimplicialCholesky.h">
      <Filter>헤더 파일</Filter>
    </ClInclude>
    <ClInclude Include="extern\eigen\Eigen\src\SparseCholesky\SimplicialCholesky_impl.h">
      <Filter>헤더 파일</Filter>
    </ClInclude>
    <ClInclude Include="extern\eigen\Eigen\src\SparseCore\AmbiVector.h">
      <Filter>헤더 파일</Filter>
    </ClInclude>
    <ClInclude Include="extern\eigen\Eigen\src\SparseCore\CompressedStorage.h">
      <Filter>헤더 파일</Filter>
    </ClInclude>
    <ClInclude Include="extern\eigen\Eigen\src\SparseCore\ConservativeSparseSparseProduct.h">
      <Filter>헤더 파일</Filter>
    </ClInclude>
    <ClInclude Include="extern\eigen\Eigen\src\SparseCore\MappedSparseMatrix.h">
      <Filter>헤더 파일</Filter>
    </ClInclude>
    <ClInclude Include="extern\eigen\Eigen\src\SparseCore\SparseAssign.h">
      <Filter>헤더 파일</Filter>
    </ClInclude>
    <ClInclude Include="extern\eigen\Eigen\src\SparseCore\SparseBlock.h">
      <Filter>헤더 파일</Filter>
    </ClInclude>
    <ClInclude Include="extern\eigen\Eigen\src\SparseCore\SparseColEtree.h">
      <Filter>헤더 파일</Filter>
    </ClInclude>
    <ClInclude Include="extern\eigen\Eigen\src\SparseCore\SparseCompressedBase.h">
      <Filter>헤더 파일</Filter>
    </ClInclude>
    <ClInclude Include="extern\eigen\Eigen\src\SparseCore\SparseCwiseBinaryOp.h">
      <Filter>헤더 파일</Filter>
    </ClInclude>
    <ClInclude Include="extern\eigen\Eigen\src\SparseCore\SparseCwiseUnaryOp.h">
      <Filter>헤더 파일</Filter>
    </ClInclude>
    <ClInclude Include="extern\eigen\Eigen\src\SparseCore\SparseDenseProduct.h">
      <Filter>헤더 파일</Filter>
    </ClInclude>
    <ClInclude Include="extern\eigen\Eigen\src\SparseCore\SparseDiagonalProduct.h">
      <Filter>헤더 파일</Filter>
    </ClInclude>
    <ClInclude Include="extern\eigen\Eigen\src\SparseCore\SparseDot.h">
      <Filter>헤더 파일</Filter>
    </ClInclude>
    <ClInclude Include="extern\eigen\Eigen\src\SparseCore\SparseFuzzy.h">
      <Filter>헤더 파일</Filter>
    </ClInclude>
    <ClInclude Include="extern\eigen\Eigen\src\SparseCore\SparseMap.h">
      <Filter>헤더 파일</Filter>
    </ClInclude>
    <ClInclude Include="extern\eigen\Eigen\src\SparseCore\SparseMatrix.h">
      <Filter>헤더 파일</Filter>
    </ClInclude>
    <ClInclude Include="extern\eigen\Eigen\src\SparseCore\SparseMatrixBase.h">
      <Filter>헤더 파일</Filter>
    </ClInclude>
    <ClInclude Include="extern\eigen\Eigen\src\SparseCore\SparsePermutation.h">
      <Filter>헤더 파일</Filter>
    </ClInclude>
    <ClInclude Include="extern\eigen\Eigen\src\SparseCore\SparseProduct.h">
      <Filter>헤더 파일</Filter>
    </ClInclude>
    <ClInclude Include="extern\eigen\Eigen\src\SparseCore\SparseRedux.h">
      <Filter>헤더 파일</Filter>
    </ClInclude>
    <ClInclude Include="extern\eigen\Eigen\src\SparseCore\SparseRef.h">
      <Filter>헤더 파일</Filter>
    </ClInclude>
    <ClInclude Include="extern\eigen\Eigen\src\SparseCore\SparseSelfAdjointView.h">
      <Filter>헤더 파일</Filter>
    </ClInclude>
    <ClInclude Include="extern\eigen\Eigen\src\SparseCore\SparseSolverBase.h">
      <Filter>헤더 파일</Filter>
    </ClInclude>
    <ClInclude Include="extern\eigen\Eigen\src\SparseCore\SparseSparseProductWithPruning.h">
      <Filter>헤더 파일</Filter>
    </ClInclude>
    <ClInclude Include="extern\eigen\Eigen\src\SparseCore\SparseTranspose.h">
      <Filter>헤더 파일</Filter>
    </ClInclude>
    <ClInclude Include="extern\eigen\Eigen\src\SparseCore\SparseTriangularView.h">
      <Filter>헤더 파일</Filter>
    </ClInclude>
    <ClInclude Include="extern\eigen\Eigen\src\SparseCore\SparseUtil.h">
      <Filter>헤더 파일</Filter>
    </ClInclude>
    <ClInclude Include="extern\eigen\Eigen\src\SparseCore\SparseVector.h">
      <Filter>헤더 파일</Filter>
    </ClInclude>
    <ClInclude Include="extern\eigen\Eigen\src\SparseCore\SparseView.h">
      <Filter>헤더 파일</Filter>
    </ClInclude>
    <ClInclude Include="extern\eigen\Eigen\src\SparseCore\TriangularSolver.h">
      <Filter>헤더 파일</Filter>
    </ClInclude>
    <ClInclude Include="extern\eigen\Eigen\src\SparseLU\SparseLU.h">
      <Filter>헤더 파일</Filter>
    </ClInclude>
    <ClInclude Include="extern\eigen\Eigen\src\SparseLU\SparseLU_column_bmod.h">
      <Filter>헤더 파일</Filter>
    </ClInclude>
    <ClInclude Include="extern\eigen\Eigen\src\SparseLU\SparseLU_column_dfs.h">
      <Filter>헤더 파일</Filter>
    </ClInclude>
    <ClInclude Include="extern\eigen\Eigen\src\SparseLU\SparseLU_copy_to_ucol.h">
      <Filter>헤더 파일</Filter>
    </ClInclude>
    <ClInclude Include="extern\eigen\Eigen\src\SparseLU\SparseLU_gemm_kernel.h">
      <Filter>헤더 파일</Filter>
    </ClInclude>
    <ClInclude Include="extern\eigen\Eigen\src\SparseLU\SparseLU_heap_relax_snode.h">
      <Filter>헤더 파일</Filter>
    </ClInclude>
    <ClInclude Include="extern\eigen\Eigen\src\SparseLU\SparseLU_kernel_bmod.h">
      <Filter>헤더 파일</Filter>
    </ClInclude>
    <ClInclude Include="extern\eigen\Eigen\src\SparseLU\SparseLU_Memory.h">
      <Filter>헤더 파일</Filter>
    </ClInclude>
    <ClInclude Include="extern\eigen\Eigen\src\SparseLU\SparseLU_panel_bmod.h">
      <Filter>헤더 파일</Filter>
    </ClInclude>
    <ClInclude Include="extern\eigen\Eigen\src\SparseLU\SparseLU_panel_dfs.h">
      <Filter>헤더 파일</Filter>
    </ClInclude>
    <ClInclude Include="extern\eigen\Eigen\src\SparseLU\SparseLU_pivotL.h">
      <Filter>헤더 파일</Filter>
    </ClInclude>
    <ClInclude Include="extern\eigen\Eigen\src\SparseLU\SparseLU_pruneL.h">
      <Filter>헤더 파일</Filter>
    </ClInclude>
    <ClInclude Include="extern\eigen\Eigen\src\SparseLU\SparseLU_relax_snode.h">
      <Filter>헤더 파일</Filter>
    </ClInclude>
    <ClInclude Include="extern\eigen\Eigen\src\SparseLU\SparseLU_Structs.h">
      <Filter>헤더 파일</Filter>
    </ClInclude>
    <ClInclude Include="extern\eigen\Eigen\src\SparseLU\SparseLU_SupernodalMatrix.h">
      <Filter>헤더 파일</Filter>
    </ClInclude>
    <ClInclude Include="extern\eigen\Eigen\src\SparseLU\SparseLU_Utils.h">
      <Filter>헤더 파일</Filter>
    </ClInclude>
    <ClInclude Include="extern\eigen\Eigen\src\SparseLU\SparseLUImpl.h">
      <Filter>헤더 파일</Filter>
    </ClInclude>
    <ClInclude Include="extern\eigen\Eigen\src\SparseQR\SparseQR.h">
      <Filter>헤더 파일</Filter>
    </ClInclude>
    <ClInclude Include="extern\eigen\Eigen\src\SPQRSupport\SuiteSparseQRSupport.h">
      <Filter>헤더 파일</Filter>
    </ClInclude>
    <ClInclude Include="extern\eigen\Eigen\src\StlSupport\details.h">
      <Filter>헤더 파일</Filter>
    </ClInclude>
    <ClInclude Include="extern\eigen\Eigen\src\StlSupport\StdDeque.h">
      <Filter>헤더 파일</Filter>
    </ClInclude>
    <ClInclude Include="extern\eigen\Eigen\src\StlSupport\StdList.h">
      <Filter>헤더 파일</Filter>
    </ClInclude>
    <ClInclude Include="extern\eigen\Eigen\src\StlSupport\StdVector.h">
      <Filter>헤더 파일</Filter>
    </ClInclude>
    <ClInclude Include="extern\eigen\Eigen\src\SuperLUSupport\SuperLUSupport.h">
      <Filter>헤더 파일</Filter>
    </ClInclude>
    <ClInclude Include="extern\eigen\Eigen\src\SVD\BDCSVD.h">
      <Filter>헤더 파일</Filter>
    </ClInclude>
    <ClInclude Include="extern\eigen\Eigen\src\SVD\JacobiSVD.h">
      <Filter>헤더 파일</Filter>
    </ClInclude>
    <ClInclude Include="extern\eigen\Eigen\src\SVD\JacobiSVD_LAPACKE.h">
      <Filter>헤더 파일</Filter>
    </ClInclude>
    <ClInclude Include="extern\eigen\Eigen\src\SVD\SVDBase.h">
      <Filter>헤더 파일</Filter>
    </ClInclude>
    <ClInclude Include="extern\eigen\Eigen\src\SVD\UpperBidiagonalization.h">
      <Filter>헤더 파일</Filter>
    </ClInclude>
    <ClInclude Include="extern\eigen\Eigen\src\UmfPackSupport\UmfPackSupport.h">
      <Filter>헤더 파일</Filter>
    </ClInclude>
    <ClInclude Include="extern\freeglut\include\GL\freeglut.h">
      <Filter>헤더 파일</Filter>
    </ClInclude>
    <ClInclude Include="extern\freeglut\include\GL\freeglut_ext.h">
      <Filter>헤더 파일</Filter>
    </ClInclude>
    <ClInclude Include="extern\freeglut\include\GL\freeglut_std.h">
      <Filter>헤더 파일</Filter>
    </ClInclude>
    <ClInclude Include="extern\freeglut\include\GL\glut.h">
      <Filter>헤더 파일</Filter>
    </ClInclude>
    <ClInclude Include="extern\GenericParameters-master\GenericParameters\EnumParameter.h">
      <Filter>헤더 파일</Filter>
    </ClInclude>
    <ClInclude Include="extern\GenericParameters-master\GenericParameters\FunctionParameter.h">
      <Filter>헤더 파일</Filter>
    </ClInclude>
    <ClInclude Include="extern\GenericParameters-master\GenericParameters\NumericParameter.h">
      <Filter>헤더 파일</Filter>
    </ClInclude>
    <ClInclude Include="extern\GenericParameters-master\GenericParameters\Parameter.h">
      <Filter>헤더 파일</Filter>
    </ClInclude>
    <ClInclude Include="extern\GenericParameters-master\GenericParameters\ParameterObject.h">
      <Filter>헤더 파일</Filter>
    </ClInclude>
    <ClInclude Include="extern\GenericParameters-master\GenericParameters\VectorParameter.h">
      <Filter>헤더 파일</Filter>
    </ClInclude>
    <ClInclude Include="extern\glew\include\GL\glew.h">
      <Filter>헤더 파일</Filter>
    </ClInclude>
    <ClInclude Include="extern\glew\include\GL\glxew.h">
      <Filter>헤더 파일</Filter>
    </ClInclude>
    <ClInclude Include="extern\glew\include\GL\wglew.h">
      <Filter>헤더 파일</Filter>
    </ClInclude>
    <ClInclude Include="extern\imgui\libs\glfw\include\GLFW\glfw3.h">
      <Filter>헤더 파일</Filter>
    </ClInclude>
    <ClInclude Include="extern\imgui\libs\glfw\include\GLFW\glfw3native.h">
      <Filter>헤더 파일</Filter>
    </ClInclude>
    <ClInclude Include="extern\imgui\libs\usynergy\uSynergy.h">
      <Filter>헤더 파일</Filter>
    </ClInclude>
    <ClInclude Include="extern\imgui\imconfig.h">
      <Filter>헤더 파일</Filter>
    </ClInclude>
    <ClInclude Include="extern\imgui\imgui.h">
      <Filter>헤더 파일</Filter>
    </ClInclude>
    <ClInclude Include="extern\imgui\imgui_impl_glfw.h">
      <Filter>헤더 파일</Filter>
    </ClInclude>
    <ClInclude Include="extern\imgui\imgui_impl_opengl3.h">
      <Filter>헤더 파일</Filter>
    </ClInclude>
    <ClInclude Include="extern\imgui\imgui_internal.h">
      <Filter>헤더 파일</Filter>
    </ClInclude>
    <ClInclude Include="extern\imgui\imstb_rectpack.h">
      <Filter>헤더 파일</Filter>
    </ClInclude>
    <ClInclude Include="extern\imgui\imstb_textedit.h">
      <Filter>헤더 파일</Filter>
    </ClInclude>
    <ClInclude Include="extern\imgui\imstb_truetype.h">
      <Filter>헤더 파일</Filter>
    </ClInclude>
    <ClInclude Include="extern\json\json.hpp">
      <Filter>헤더 파일</Filter>
    </ClInclude>
    <ClInclude Include="Common\DemoBase.h">
      <Filter>헤더 파일</Filter>
    </ClInclude>
    <ClInclude Include="Visualization\MiniGL.h">
      <Filter>헤더 파일</Filter>
    </ClInclude>
    <ClInclude Include="extern\md5\md5.h">
      <Filter>헤더 파일</Filter>
    </ClInclude>
    <ClInclude Include="extern\AntTweakBar\src\res\TwXCursors.h">
      <Filter>헤더 파일</Filter>
    </ClInclude>
    <ClInclude Include="extern\AntTweakBar\src\AntPerfTimer.h">
      <Filter>헤더 파일</Filter>
    </ClInclude>
    <ClInclude Include="extern\AntTweakBar\src\LoadOGL.h">
      <Filter>헤더 파일</Filter>
    </ClInclude>
    <ClInclude Include="extern\AntTweakBar\src\LoadOGLCore.h">
      <Filter>헤더 파일</Filter>
    </ClInclude>
    <ClInclude Include="extern\AntTweakBar\src\MiniGLFW.h">
      <Filter>헤더 파일</Filter>
    </ClInclude>
    <ClInclude Include="extern\AntTweakBar\src\MiniGLUT.h">
      <Filter>헤더 파일</Filter>
    </ClInclude>
    <ClInclude Include="extern\AntTweakBar\src\MiniSDL12.h">
      <Filter>헤더 파일</Filter>
    </ClInclude>
    <ClInclude Include="extern\AntTweakBar\src\MiniSDL13.h">
      <Filter>헤더 파일</Filter>
    </ClInclude>
    <ClInclude Include="extern\AntTweakBar\src\MiniSFML16.h">
      <Filter>헤더 파일</Filter>
    </ClInclude>
    <ClInclude Include="extern\AntTweakBar\src\resource.h">
      <Filter>헤더 파일</Filter>
    </ClInclude>
    <ClInclude Include="extern\AntTweakBar\src\TwBar.h">
      <Filter>헤더 파일</Filter>
    </ClInclude>
    <ClInclude Include="extern\AntTweakBar\src\TwColors.h">
      <Filter>헤더 파일</Filter>
    </ClInclude>
    <ClInclude Include="extern\AntTweakBar\src\TwFonts.h">
      <Filter>헤더 파일</Filter>
    </ClInclude>
    <ClInclude Include="extern\AntTweakBar\src\TwGraph.h">
      <Filter>헤더 파일</Filter>
    </ClInclude>
    <ClInclude Include="extern\AntTweakBar\src\TwMgr.h">
      <Filter>헤더 파일</Filter>
    </ClInclude>
    <ClInclude Include="extern\AntTweakBar\src\TwOpenGL.h">
      <Filter>헤더 파일</Filter>
    </ClInclude>
    <ClInclude Include="extern\AntTweakBar\src\TwOpenGLCore.h">
      <Filter>헤더 파일</Filter>
    </ClInclude>
    <ClInclude Include="extern\AntTweakBar\src\TwPrecomp.h">
      <Filter>헤더 파일</Filter>
    </ClInclude>
    <ClInclude Include="extern\GLFW\glfw3.h">
      <Filter>헤더 파일</Filter>
    </ClInclude>
    <ClInclude Include="extern\GLFW\glfw3native.h">
      <Filter>헤더 파일</Filter>
    </ClInclude>
  </ItemGroup>
  <ItemGroup>
    <None Include="Simulation\kdTree.inl">
      <Filter>헤더 파일</Filter>
    </None>
    <None Include="extern\imgui\examples\example_emscripten\shell_minimal.html" />
  </ItemGroup>
  <ItemGroup>
    <Library Include="lib\freeglut.lib" />
    <Library Include="lib\glew.lib" />
    <Library Include="lib\imgui.lib" />
    <Library Include="lib\glfw3.lib" />
  </ItemGroup>
  <ItemGroup>
    <ResourceCompile Include="extern\AntTweakBar\src\AntTweakBar.rc">
      <Filter>리소스 파일</Filter>
    </ResourceCompile>
  </ItemGroup>
</Project>